// !$*UTF8*$!
{
	archiveVersion = 1;
	classes = {
	};
	objectVersion = 77;
	objects = {

/* Begin PBXContainerItemProxy section */
		B7A2714D2CF97AB00028B7A4 /* PBXContainerItemProxy */ = {
			isa = PBXContainerItemProxy;
			containerPortal = B7A271342CF97AAE0028B7A4 /* Project object */;
			proxyType = 1;
			remoteGlobalIDString = B7A2713B2CF97AAE0028B7A4;
			remoteInfo = LOTRConvertor;
		};
		B7A271572CF97AB00028B7A4 /* PBXContainerItemProxy */ = {
			isa = PBXContainerItemProxy;
			containerPortal = B7A271342CF97AAE0028B7A4 /* Project object */;
			proxyType = 1;
			remoteGlobalIDString = B7A2713B2CF97AAE0028B7A4;
			remoteInfo = LOTRConvertor;
		};
/* End PBXContainerItemProxy section */

/* Begin PBXFileReference section */
		B7A2713C2CF97AAE0028B7A4 /* LOTRConvertor.app */ = {isa = PBXFileReference; explicitFileType = wrapper.application; includeInIndex = 0; path = LOTRConvertor.app; sourceTree = BUILT_PRODUCTS_DIR; };
		B7A2714C2CF97AB00028B7A4 /* LOTRConvertorTests.xctest */ = {isa = PBXFileReference; explicitFileType = wrapper.cfbundle; includeInIndex = 0; path = LOTRConvertorTests.xctest; sourceTree = BUILT_PRODUCTS_DIR; };
		B7A271562CF97AB00028B7A4 /* LOTRConvertorUITests.xctest */ = {isa = PBXFileReference; explicitFileType = wrapper.cfbundle; includeInIndex = 0; path = LOTRConvertorUITests.xctest; sourceTree = BUILT_PRODUCTS_DIR; };
/* End PBXFileReference section */

/* Begin PBXFileSystemSynchronizedBuildFileExceptionSet section */
		B7035BD12D0C03F600F584DD /* Exceptions for "RateMyProf" folder in "LOTRConvertor" target */ = {
			isa = PBXFileSystemSynchronizedBuildFileExceptionSet;
			membershipExceptions = (
				ExtentionColor.Swift,
			);
			target = B7A2713B2CF97AAE0028B7A4 /* LOTRConvertor */;
		};
/* End PBXFileSystemSynchronizedBuildFileExceptionSet section */

/* Begin PBXFileSystemSynchronizedGroupBuildPhaseMembershipExceptionSet section */
		B7035BD22D0C03F600F584DD /* Exceptions for "RateMyProf" folder in "Copy Bundle Resources" phase from "LOTRConvertor" target */ = {
			isa = PBXFileSystemSynchronizedGroupBuildPhaseMembershipExceptionSet;
			buildPhase = B7A2713A2CF97AAE0028B7A4 /* Resources */;
			membershipExceptions = (
				ExtentionColor.Swift,
			);
		};
/* End PBXFileSystemSynchronizedGroupBuildPhaseMembershipExceptionSet section */

/* Begin PBXFileSystemSynchronizedRootGroup section */
		B71C61B62D0AB7DE00DF3A5F /* RateMyProf */ = {
			isa = PBXFileSystemSynchronizedRootGroup;
			exceptions = (
				B7035BD12D0C03F600F584DD /* Exceptions for "RateMyProf" folder in "LOTRConvertor" target */,
				B7035BD22D0C03F600F584DD /* Exceptions for "RateMyProf" folder in "Copy Bundle Resources" phase from "LOTRConvertor" target */,
			);
			path = RateMyProf;
			sourceTree = "<group>";
		};
		B7A2713E2CF97AAE0028B7A4 /* LOTRConvertor */ = {
			isa = PBXFileSystemSynchronizedRootGroup;
			path = LOTRConvertor;
			sourceTree = "<group>";
		};
		B7A2714F2CF97AB00028B7A4 /* LOTRConvertorTests */ = {
			isa = PBXFileSystemSynchronizedRootGroup;
			path = LOTRConvertorTests;
			sourceTree = "<group>";
		};
		B7A271592CF97AB00028B7A4 /* LOTRConvertorUITests */ = {
			isa = PBXFileSystemSynchronizedRootGroup;
			path = LOTRConvertorUITests;
			sourceTree = "<group>";
		};
/* End PBXFileSystemSynchronizedRootGroup section */

/* Begin PBXFrameworksBuildPhase section */
		B7A271392CF97AAE0028B7A4 /* Frameworks */ = {
			isa = PBXFrameworksBuildPhase;
			buildActionMask = 2147483647;
			files = (
			);
			runOnlyForDeploymentPostprocessing = 0;
		};
		B7A271492CF97AB00028B7A4 /* Frameworks */ = {
			isa = PBXFrameworksBuildPhase;
			buildActionMask = 2147483647;
			files = (
			);
			runOnlyForDeploymentPostprocessing = 0;
		};
		B7A271532CF97AB00028B7A4 /* Frameworks */ = {
			isa = PBXFrameworksBuildPhase;
			buildActionMask = 2147483647;
			files = (
			);
			runOnlyForDeploymentPostprocessing = 0;
		};
/* End PBXFrameworksBuildPhase section */

/* Begin PBXGroup section */
		B7A271332CF97AAE0028B7A4 = {
			isa = PBXGroup;
			children = (
				B7A2713E2CF97AAE0028B7A4 /* LOTRConvertor */,
				B71C61B62D0AB7DE00DF3A5F /* RateMyProf */,
				B7A2714F2CF97AB00028B7A4 /* LOTRConvertorTests */,
				B7A271592CF97AB00028B7A4 /* LOTRConvertorUITests */,
				B7A2713D2CF97AAE0028B7A4 /* Products */,
			);
			sourceTree = "<group>";
		};
		B7A2713D2CF97AAE0028B7A4 /* Products */ = {
			isa = PBXGroup;
			children = (
				B7A2713C2CF97AAE0028B7A4 /* LOTRConvertor.app */,
				B7A2714C2CF97AB00028B7A4 /* LOTRConvertorTests.xctest */,
				B7A271562CF97AB00028B7A4 /* LOTRConvertorUITests.xctest */,
			);
			name = Products;
			sourceTree = "<group>";
		};
/* End PBXGroup section */

/* Begin PBXNativeTarget section */
		B7A2713B2CF97AAE0028B7A4 /* LOTRConvertor */ = {
			isa = PBXNativeTarget;
			buildConfigurationList = B7A271602CF97AB00028B7A4 /* Build configuration list for PBXNativeTarget "LOTRConvertor" */;
			buildPhases = (
				B7A271382CF97AAE0028B7A4 /* Sources */,
				B7A271392CF97AAE0028B7A4 /* Frameworks */,
				B7A2713A2CF97AAE0028B7A4 /* Resources */,
			);
			buildRules = (
			);
			dependencies = (
			);
			fileSystemSynchronizedGroups = (
				B71C61B62D0AB7DE00DF3A5F /* RateMyProf */,
				B7A2713E2CF97AAE0028B7A4 /* LOTRConvertor */,
			);
			name = LOTRConvertor;
			packageProductDependencies = (
			);
			productName = LOTRConvertor;
			productReference = B7A2713C2CF97AAE0028B7A4 /* LOTRConvertor.app */;
			productType = "com.apple.product-type.application";
		};
		B7A2714B2CF97AB00028B7A4 /* LOTRConvertorTests */ = {
			isa = PBXNativeTarget;
			buildConfigurationList = B7A271632CF97AB00028B7A4 /* Build configuration list for PBXNativeTarget "LOTRConvertorTests" */;
			buildPhases = (
				B7A271482CF97AB00028B7A4 /* Sources */,
				B7A271492CF97AB00028B7A4 /* Frameworks */,
				B7A2714A2CF97AB00028B7A4 /* Resources */,
			);
			buildRules = (
			);
			dependencies = (
				B7A2714E2CF97AB00028B7A4 /* PBXTargetDependency */,
			);
			fileSystemSynchronizedGroups = (
				B7A2714F2CF97AB00028B7A4 /* LOTRConvertorTests */,
			);
			name = LOTRConvertorTests;
			packageProductDependencies = (
			);
			productName = LOTRConvertorTests;
			productReference = B7A2714C2CF97AB00028B7A4 /* LOTRConvertorTests.xctest */;
			productType = "com.apple.product-type.bundle.unit-test";
		};
		B7A271552CF97AB00028B7A4 /* LOTRConvertorUITests */ = {
			isa = PBXNativeTarget;
			buildConfigurationList = B7A271662CF97AB00028B7A4 /* Build configuration list for PBXNativeTarget "LOTRConvertorUITests" */;
			buildPhases = (
				B7A271522CF97AB00028B7A4 /* Sources */,
				B7A271532CF97AB00028B7A4 /* Frameworks */,
				B7A271542CF97AB00028B7A4 /* Resources */,
			);
			buildRules = (
			);
			dependencies = (
				B7A271582CF97AB00028B7A4 /* PBXTargetDependency */,
			);
			fileSystemSynchronizedGroups = (
				B7A271592CF97AB00028B7A4 /* LOTRConvertorUITests */,
			);
			name = LOTRConvertorUITests;
			packageProductDependencies = (
			);
			productName = LOTRConvertorUITests;
			productReference = B7A271562CF97AB00028B7A4 /* LOTRConvertorUITests.xctest */;
			productType = "com.apple.product-type.bundle.ui-testing";
		};
/* End PBXNativeTarget section */

/* Begin PBXProject section */
		B7A271342CF97AAE0028B7A4 /* Project object */ = {
			isa = PBXProject;
			attributes = {
				BuildIndependentTargetsInParallel = 1;
				LastSwiftUpdateCheck = 1600;
				LastUpgradeCheck = 1600;
				TargetAttributes = {
					B7A2713B2CF97AAE0028B7A4 = {
						CreatedOnToolsVersion = 16.0;
					};
					B7A2714B2CF97AB00028B7A4 = {
						CreatedOnToolsVersion = 16.0;
						TestTargetID = B7A2713B2CF97AAE0028B7A4;
					};
					B7A271552CF97AB00028B7A4 = {
						CreatedOnToolsVersion = 16.0;
						TestTargetID = B7A2713B2CF97AAE0028B7A4;
					};
				};
			};
			buildConfigurationList = B7A271372CF97AAE0028B7A4 /* Build configuration list for PBXProject "LOTRConvertor" */;
			developmentRegion = en;
			hasScannedForEncodings = 0;
			knownRegions = (
				en,
				Base,
			);
			mainGroup = B7A271332CF97AAE0028B7A4;
			minimizedProjectReferenceProxies = 1;
			preferredProjectObjectVersion = 77;
			productRefGroup = B7A2713D2CF97AAE0028B7A4 /* Products */;
			projectDirPath = "";
			projectRoot = "";
			targets = (
				B7A2713B2CF97AAE0028B7A4 /* LOTRConvertor */,
				B7A2714B2CF97AB00028B7A4 /* LOTRConvertorTests */,
				B7A271552CF97AB00028B7A4 /* LOTRConvertorUITests */,
			);
		};
/* End PBXProject section */

/* Begin PBXResourcesBuildPhase section */
		B7A2713A2CF97AAE0028B7A4 /* Resources */ = {
			isa = PBXResourcesBuildPhase;
			buildActionMask = 2147483647;
			files = (
			);
			runOnlyForDeploymentPostprocessing = 0;
		};
		B7A2714A2CF97AB00028B7A4 /* Resources */ = {
			isa = PBXResourcesBuildPhase;
			buildActionMask = 2147483647;
			files = (
			);
			runOnlyForDeploymentPostprocessing = 0;
		};
		B7A271542CF97AB00028B7A4 /* Resources */ = {
			isa = PBXResourcesBuildPhase;
			buildActionMask = 2147483647;
			files = (
			);
			runOnlyForDeploymentPostprocessing = 0;
		};
/* End PBXResourcesBuildPhase section */

/* Begin PBXSourcesBuildPhase section */
		B7A271382CF97AAE0028B7A4 /* Sources */ = {
			isa = PBXSourcesBuildPhase;
			buildActionMask = 2147483647;
			files = (
			);
			runOnlyForDeploymentPostprocessing = 0;
		};
		B7A271482CF97AB00028B7A4 /* Sources */ = {
			isa = PBXSourcesBuildPhase;
			buildActionMask = 2147483647;
			files = (
			);
			runOnlyForDeploymentPostprocessing = 0;
		};
		B7A271522CF97AB00028B7A4 /* Sources */ = {
			isa = PBXSourcesBuildPhase;
			buildActionMask = 2147483647;
			files = (
			);
			runOnlyForDeploymentPostprocessing = 0;
		};
/* End PBXSourcesBuildPhase section */

/* Begin PBXTargetDependency section */
		B7A2714E2CF97AB00028B7A4 /* PBXTargetDependency */ = {
			isa = PBXTargetDependency;
			target = B7A2713B2CF97AAE0028B7A4 /* LOTRConvertor */;
			targetProxy = B7A2714D2CF97AB00028B7A4 /* PBXContainerItemProxy */;
		};
		B7A271582CF97AB00028B7A4 /* PBXTargetDependency */ = {
			isa = PBXTargetDependency;
			target = B7A2713B2CF97AAE0028B7A4 /* LOTRConvertor */;
			targetProxy = B7A271572CF97AB00028B7A4 /* PBXContainerItemProxy */;
		};
/* End PBXTargetDependency section */

/* Begin XCBuildConfiguration section */
		B7A2715E2CF97AB00028B7A4 /* Debug */ = {
			isa = XCBuildConfiguration;
			buildSettings = {
				ALWAYS_SEARCH_USER_PATHS = NO;
				ASSETCATALOG_COMPILER_GENERATE_SWIFT_ASSET_SYMBOL_EXTENSIONS = YES;
				CLANG_ANALYZER_NONNULL = YES;
				CLANG_ANALYZER_NUMBER_OBJECT_CONVERSION = YES_AGGRESSIVE;
				CLANG_CXX_LANGUAGE_STANDARD = "gnu++20";
				CLANG_ENABLE_MODULES = YES;
				CLANG_ENABLE_OBJC_ARC = YES;
				CLANG_ENABLE_OBJC_WEAK = YES;
				CLANG_WARN_BLOCK_CAPTURE_AUTORELEASING = YES;
				CLANG_WARN_BOOL_CONVERSION = YES;
				CLANG_WARN_COMMA = YES;
				CLANG_WARN_CONSTANT_CONVERSION = YES;
				CLANG_WARN_DEPRECATED_OBJC_IMPLEMENTATIONS = YES;
				CLANG_WARN_DIRECT_OBJC_ISA_USAGE = YES_ERROR;
				CLANG_WARN_DOCUMENTATION_COMMENTS = YES;
				CLANG_WARN_EMPTY_BODY = YES;
				CLANG_WARN_ENUM_CONVERSION = YES;
				CLANG_WARN_INFINITE_RECURSION = YES;
				CLANG_WARN_INT_CONVERSION = YES;
				CLANG_WARN_NON_LITERAL_NULL_CONVERSION = YES;
				CLANG_WARN_OBJC_IMPLICIT_RETAIN_SELF = YES;
				CLANG_WARN_OBJC_LITERAL_CONVERSION = YES;
				CLANG_WARN_OBJC_ROOT_CLASS = YES_ERROR;
				CLANG_WARN_QUOTED_INCLUDE_IN_FRAMEWORK_HEADER = YES;
				CLANG_WARN_RANGE_LOOP_ANALYSIS = YES;
				CLANG_WARN_STRICT_PROTOTYPES = YES;
				CLANG_WARN_SUSPICIOUS_MOVE = YES;
				CLANG_WARN_UNGUARDED_AVAILABILITY = YES_AGGRESSIVE;
				CLANG_WARN_UNREACHABLE_CODE = YES;
				CLANG_WARN__DUPLICATE_METHOD_MATCH = YES;
				COPY_PHASE_STRIP = NO;
				DEBUG_INFORMATION_FORMAT = dwarf;
				ENABLE_STRICT_OBJC_MSGSEND = YES;
				ENABLE_TESTABILITY = YES;
				ENABLE_USER_SCRIPT_SANDBOXING = YES;
				GCC_C_LANGUAGE_STANDARD = gnu17;
				GCC_DYNAMIC_NO_PIC = NO;
				GCC_NO_COMMON_BLOCKS = YES;
				GCC_OPTIMIZATION_LEVEL = 0;
				GCC_PREPROCESSOR_DEFINITIONS = (
					"DEBUG=1",
					"$(inherited)",
				);
				GCC_WARN_64_TO_32_BIT_CONVERSION = YES;
				GCC_WARN_ABOUT_RETURN_TYPE = YES_ERROR;
				GCC_WARN_UNDECLARED_SELECTOR = YES;
				GCC_WARN_UNINITIALIZED_AUTOS = YES_AGGRESSIVE;
				GCC_WARN_UNUSED_FUNCTION = YES;
				GCC_WARN_UNUSED_VARIABLE = YES;
				IPHONEOS_DEPLOYMENT_TARGET = 18.0;
				LOCALIZATION_PREFERS_STRING_CATALOGS = YES;
				MTL_ENABLE_DEBUG_INFO = INCLUDE_SOURCE;
				MTL_FAST_MATH = YES;
				ONLY_ACTIVE_ARCH = YES;
				SDKROOT = iphoneos;
				SWIFT_ACTIVE_COMPILATION_CONDITIONS = "DEBUG $(inherited)";
				SWIFT_OPTIMIZATION_LEVEL = "-Onone";
			};
			name = Debug;
		};
		B7A2715F2CF97AB00028B7A4 /* Release */ = {
			isa = XCBuildConfiguration;
			buildSettings = {
				ALWAYS_SEARCH_USER_PATHS = NO;
				ASSETCATALOG_COMPILER_GENERATE_SWIFT_ASSET_SYMBOL_EXTENSIONS = YES;
				CLANG_ANALYZER_NONNULL = YES;
				CLANG_ANALYZER_NUMBER_OBJECT_CONVERSION = YES_AGGRESSIVE;
				CLANG_CXX_LANGUAGE_STANDARD = "gnu++20";
				CLANG_ENABLE_MODULES = YES;
				CLANG_ENABLE_OBJC_ARC = YES;
				CLANG_ENABLE_OBJC_WEAK = YES;
				CLANG_WARN_BLOCK_CAPTURE_AUTORELEASING = YES;
				CLANG_WARN_BOOL_CONVERSION = YES;
				CLANG_WARN_COMMA = YES;
				CLANG_WARN_CONSTANT_CONVERSION = YES;
				CLANG_WARN_DEPRECATED_OBJC_IMPLEMENTATIONS = YES;
				CLANG_WARN_DIRECT_OBJC_ISA_USAGE = YES_ERROR;
				CLANG_WARN_DOCUMENTATION_COMMENTS = YES;
				CLANG_WARN_EMPTY_BODY = YES;
				CLANG_WARN_ENUM_CONVERSION = YES;
				CLANG_WARN_INFINITE_RECURSION = YES;
				CLANG_WARN_INT_CONVERSION = YES;
				CLANG_WARN_NON_LITERAL_NULL_CONVERSION = YES;
				CLANG_WARN_OBJC_IMPLICIT_RETAIN_SELF = YES;
				CLANG_WARN_OBJC_LITERAL_CONVERSION = YES;
				CLANG_WARN_OBJC_ROOT_CLASS = YES_ERROR;
				CLANG_WARN_QUOTED_INCLUDE_IN_FRAMEWORK_HEADER = YES;
				CLANG_WARN_RANGE_LOOP_ANALYSIS = YES;
				CLANG_WARN_STRICT_PROTOTYPES = YES;
				CLANG_WARN_SUSPICIOUS_MOVE = YES;
				CLANG_WARN_UNGUARDED_AVAILABILITY = YES_AGGRESSIVE;
				CLANG_WARN_UNREACHABLE_CODE = YES;
				CLANG_WARN__DUPLICATE_METHOD_MATCH = YES;
				COPY_PHASE_STRIP = NO;
				DEBUG_INFORMATION_FORMAT = "dwarf-with-dsym";
				ENABLE_NS_ASSERTIONS = NO;
				ENABLE_STRICT_OBJC_MSGSEND = YES;
				ENABLE_USER_SCRIPT_SANDBOXING = YES;
				GCC_C_LANGUAGE_STANDARD = gnu17;
				GCC_NO_COMMON_BLOCKS = YES;
				GCC_WARN_64_TO_32_BIT_CONVERSION = YES;
				GCC_WARN_ABOUT_RETURN_TYPE = YES_ERROR;
				GCC_WARN_UNDECLARED_SELECTOR = YES;
				GCC_WARN_UNINITIALIZED_AUTOS = YES_AGGRESSIVE;
				GCC_WARN_UNUSED_FUNCTION = YES;
				GCC_WARN_UNUSED_VARIABLE = YES;
				IPHONEOS_DEPLOYMENT_TARGET = 18.0;
				LOCALIZATION_PREFERS_STRING_CATALOGS = YES;
				MTL_ENABLE_DEBUG_INFO = NO;
				MTL_FAST_MATH = YES;
				SDKROOT = iphoneos;
				SWIFT_COMPILATION_MODE = wholemodule;
				VALIDATE_PRODUCT = YES;
			};
			name = Release;
		};
		B7A271612CF97AB00028B7A4 /* Debug */ = {
			isa = XCBuildConfiguration;
			buildSettings = {
				ASSETCATALOG_COMPILER_APPICON_NAME = AppIcon;
				ASSETCATALOG_COMPILER_GLOBAL_ACCENT_COLOR_NAME = AccentColor;
				CODE_SIGN_STYLE = Automatic;
				CURRENT_PROJECT_VERSION = 1;
				DEVELOPMENT_ASSET_PATHS = "\"LOTRConvertor/Preview Content\"";
				DEVELOPMENT_TEAM = YB8U886666;
				ENABLE_PREVIEWS = YES;
				GENERATE_INFOPLIST_FILE = YES;
				INFOPLIST_KEY_UIApplicationSceneManifest_Generation = YES;
				INFOPLIST_KEY_UIApplicationSupportsIndirectInputEvents = YES;
				INFOPLIST_KEY_UILaunchScreen_Generation = YES;
				INFOPLIST_KEY_UISupportedInterfaceOrientations = UIInterfaceOrientationPortrait;
				INFOPLIST_KEY_UISupportedInterfaceOrientations_iPad = "UIInterfaceOrientationLandscapeLeft UIInterfaceOrientationLandscapeRight UIInterfaceOrientationPortrait UIInterfaceOrientationPortraitUpsideDown";
				LD_RUNPATH_SEARCH_PATHS = (
					"$(inherited)",
					"@executable_path/Frameworks",
				);
				MARKETING_VERSION = 1.0;
				PRODUCT_BUNDLE_IDENTIFIER = com.elamaran.LOTRConvertor;
				PRODUCT_NAME = "$(TARGET_NAME)";
				SWIFT_EMIT_LOC_STRINGS = YES;
				SWIFT_VERSION = 5.0;
				TARGETED_DEVICE_FAMILY = "1,2";
			};
			name = Debug;
		};
		B7A271622CF97AB00028B7A4 /* Release */ = {
			isa = XCBuildConfiguration;
			buildSettings = {
				ASSETCATALOG_COMPILER_APPICON_NAME = AppIcon;
				ASSETCATALOG_COMPILER_GLOBAL_ACCENT_COLOR_NAME = AccentColor;
				CODE_SIGN_STYLE = Automatic;
				CURRENT_PROJECT_VERSION = 1;
				DEVELOPMENT_ASSET_PATHS = "\"LOTRConvertor/Preview Content\"";
				DEVELOPMENT_TEAM = YB8U886666;
				ENABLE_PREVIEWS = YES;
				GENERATE_INFOPLIST_FILE = YES;
				INFOPLIST_KEY_UIApplicationSceneManifest_Generation = YES;
				INFOPLIST_KEY_UIApplicationSupportsIndirectInputEvents = YES;
				INFOPLIST_KEY_UILaunchScreen_Generation = YES;
				INFOPLIST_KEY_UISupportedInterfaceOrientations = UIInterfaceOrientationPortrait;
				INFOPLIST_KEY_UISupportedInterfaceOrientations_iPad = "UIInterfaceOrientationLandscapeLeft UIInterfaceOrientationLandscapeRight UIInterfaceOrientationPortrait UIInterfaceOrientationPortraitUpsideDown";
				LD_RUNPATH_SEARCH_PATHS = (
					"$(inherited)",
					"@executable_path/Frameworks",
				);
				MARKETING_VERSION = 1.0;
				PRODUCT_BUNDLE_IDENTIFIER = com.elamaran.LOTRConvertor;
				PRODUCT_NAME = "$(TARGET_NAME)";
				SWIFT_EMIT_LOC_STRINGS = YES;
				SWIFT_VERSION = 5.0;
				TARGETED_DEVICE_FAMILY = "1,2";
			};
			name = Release;
		};
		B7A271642CF97AB00028B7A4 /* Debug */ = {
			isa = XCBuildConfiguration;
			buildSettings = {
				BUNDLE_LOADER = "$(TEST_HOST)";
				CODE_SIGN_STYLE = Automatic;
				CURRENT_PROJECT_VERSION = 1;
				DEVELOPMENT_TEAM = YB8U886666;
				GENERATE_INFOPLIST_FILE = YES;
				IPHONEOS_DEPLOYMENT_TARGET = 18.0;
				MARKETING_VERSION = 1.0;
				PRODUCT_BUNDLE_IDENTIFIER = com.elamaran.LOTRConvertorTests;
				PRODUCT_NAME = "$(TARGET_NAME)";
				SWIFT_EMIT_LOC_STRINGS = NO;
				SWIFT_VERSION = 5.0;
				TARGETED_DEVICE_FAMILY = "1,2";
				TEST_HOST = "$(BUILT_PRODUCTS_DIR)/LOTRConvertor.app/$(BUNDLE_EXECUTABLE_FOLDER_PATH)/LOTRConvertor";
			};
			name = Debug;
		};
		B7A271652CF97AB00028B7A4 /* Release */ = {
			isa = XCBuildConfiguration;
			buildSettings = {
				BUNDLE_LOADER = "$(TEST_HOST)";
				CODE_SIGN_STYLE = Automatic;
				CURRENT_PROJECT_VERSION = 1;
				DEVELOPMENT_TEAM = YB8U886666;
				GENERATE_INFOPLIST_FILE = YES;
				IPHONEOS_DEPLOYMENT_TARGET = 18.0;
				MARKETING_VERSION = 1.0;
				PRODUCT_BUNDLE_IDENTIFIER = com.elamaran.LOTRConvertorTests;
				PRODUCT_NAME = "$(TARGET_NAME)";
				SWIFT_EMIT_LOC_STRINGS = NO;
				SWIFT_VERSION = 5.0;
				TARGETED_DEVICE_FAMILY = "1,2";
				TEST_HOST = "$(BUILT_PRODUCTS_DIR)/LOTRConvertor.app/$(BUNDLE_EXECUTABLE_FOLDER_PATH)/LOTRConvertor";
			};
			name = Release;
		};
		B7A271672CF97AB00028B7A4 /* Debug */ = {
			isa = XCBuildConfiguration;
			buildSettings = {
				CODE_SIGN_STYLE = Automatic;
				CURRENT_PROJECT_VERSION = 1;
				DEVELOPMENT_TEAM = YB8U886666;
				GENERATE_INFOPLIST_FILE = YES;
				MARKETING_VERSION = 1.0;
				PRODUCT_BUNDLE_IDENTIFIER = com.elamaran.LOTRConvertorUITests;
				PRODUCT_NAME = "$(TARGET_NAME)";
				SWIFT_EMIT_LOC_STRINGS = NO;
				SWIFT_VERSION = 5.0;
				TARGETED_DEVICE_FAMILY = "1,2";
				TEST_TARGET_NAME = LOTRConvertor;
			};
			name = Debug;
		};
		B7A271682CF97AB00028B7A4 /* Release */ = {
			isa = XCBuildConfiguration;
			buildSettings = {
				CODE_SIGN_STYLE = Automatic;
				CURRENT_PROJECT_VERSION = 1;
				DEVELOPMENT_TEAM = YB8U886666;
				GENERATE_INFOPLIST_FILE = YES;
				MARKETING_VERSION = 1.0;
				PRODUCT_BUNDLE_IDENTIFIER = com.elamaran.LOTRConvertorUITests;
				PRODUCT_NAME = "$(TARGET_NAME)";
				SWIFT_EMIT_LOC_STRINGS = NO;
				SWIFT_VERSION = 5.0;
				TARGETED_DEVICE_FAMILY = "1,2";
				TEST_TARGET_NAME = LOTRConvertor;
			};
			name = Release;
		};
/* End XCBuildConfiguration section */

/* Begin XCConfigurationList section */
		B7A271372CF97AAE0028B7A4 /* Build configuration list for PBXProject "LOTRConvertor" */ = {
			isa = XCConfigurationList;
			buildConfigurations = (
				B7A2715E2CF97AB00028B7A4 /* Debug */,
				B7A2715F2CF97AB00028B7A4 /* Release */,
			);
			defaultConfigurationIsVisible = 0;
			defaultConfigurationName = Release;
		};
		B7A271602CF97AB00028B7A4 /* Build configuration list for PBXNativeTarget "LOTRConvertor" */ = {
			isa = XCConfigurationList;
			buildConfigurations = (
				B7A271612CF97AB00028B7A4 /* Debug */,
				B7A271622CF97AB00028B7A4 /* Release */,
			);
			defaultConfigurationIsVisible = 0;
			defaultConfigurationName = Release;
		};
		B7A271632CF97AB00028B7A4 /* Build configuration list for PBXNativeTarget "LOTRConvertorTests" */ = {
			isa = XCConfigurationList;
			buildConfigurations = (
				B7A271642CF97AB00028B7A4 /* Debug */,
				B7A271652CF97AB00028B7A4 /* Release */,
			);
			defaultConfigurationIsVisible = 0;
			defaultConfigurationName = Release;
		};
		B7A271662CF97AB00028B7A4 /* Build configuration list for PBXNativeTarget "LOTRConvertorUITests" */ = {
			isa = XCConfigurationList;
			buildConfigurations = (
				B7A271672CF97AB00028B7A4 /* Debug */,
				B7A271682CF97AB00028B7A4 /* Release */,
			);
			defaultConfigurationIsVisible = 0;
			defaultConfigurationName = Release;
		};
/* End XCConfigurationList section */
	};
	rootObject = B7A271342CF97AAE0028B7A4 /* Project object */;
}
